
Microsoft Visual Studio Solution File, Format Version 12.00
# Visual Studio Version 17
VisualStudioVersion = 17.5.33502.453
MinimumVisualStudioVersion = 10.0.40219.1
Project("{FAE04EC0-301F-11D3-BF4B-00C04F79EFBC}") = "pildorasInformaticas-video2", "pildorasInformaticas-video2.csproj", "{C9273631-83D6-44BC-B958-C9A9718EFC05}"
EndProject
Global
	GlobalSection(SolutionConfigurationPlatforms) = preSolution
		Debug|Any CPU = Debug|Any CPU
		Release|Any CPU = Release|Any CPU
	EndGlobalSection
	GlobalSection(ProjectConfigurationPlatforms) = postSolution
		{C9273631-83D6-44BC-B958-C9A9718EFC05}.Debug|Any CPU.ActiveCfg = Debug|Any CPU
		{C9273631-83D6-44BC-B958-C9A9718EFC05}.Debug|Any CPU.Build.0 = Debug|Any CPU
		{C9273631-83D6-44BC-B958-C9A9718EFC05}.Release|Any CPU.ActiveCfg = Release|Any CPU
		{C9273631-83D6-44BC-B958-C9A9718EFC05}.Release|Any CPU.Build.0 = Release|Any CPU
	EndGlobalSection
	GlobalSection(SolutionProperties) = preSolution
		HideSolutionNode = FALSE
	EndGlobalSection
	GlobalSection(ExtensibilityGlobals) = postSolution
		SolutionGuid = {46C528EF-6457-4FC1-B215-6B55B6522936}
	EndGlobalSection
EndGlobal
